
Microsoft Visual Studio Solution File, Format Version 12.00
# Visual Studio 15
VisualStudioVersion = 15.0.28307.271
MinimumVisualStudioVersion = 10.0.40219.1
Project("{FAE04EC0-301F-11D3-BF4B-00C04F79EFBC}") = "ReverseNumber.cs", "ReverseNumber.cs\ReverseNumber.cs.csproj", "{3966C764-F7A9-4FC7-AD29-738E337F838C}"
EndProject
Global
	GlobalSection(SolutionConfigurationPlatforms) = preSolution
		Debug|Any CPU = Debug|Any CPU
		Release|Any CPU = Release|Any CPU
	EndGlobalSection
	GlobalSection(ProjectConfigurationPlatforms) = postSolution
		{3966C764-F7A9-4FC7-AD29-738E337F838C}.Debug|Any CPU.ActiveCfg = Debug|Any CPU
		{3966C764-F7A9-4FC7-AD29-738E337F838C}.Debug|Any CPU.Build.0 = Debug|Any CPU
		{3966C764-F7A9-4FC7-AD29-738E337F838C}.Release|Any CPU.ActiveCfg = Release|Any CPU
		{3966C764-F7A9-4FC7-AD29-738E337F838C}.Release|Any CPU.Build.0 = Release|Any CPU
	EndGlobalSection
	GlobalSection(SolutionProperties) = preSolution
		HideSolutionNode = FALSE
	EndGlobalSection
	GlobalSection(ExtensibilityGlobals) = postSolution
		SolutionGuid = {F1614A6A-DF34-4E4F-877C-D7A5F8158EF8}
	EndGlobalSection
EndGlobal
